// !$*UTF8*$!
{
	archiveVersion = 1;
	classes = {
	};
	objectVersion = 46;
	objects = {

/* Begin PBXBuildFile section */
		4AAD68AF9EBC8AEA011E3541 /* Pods_BMICalculator.framework in Frameworks */ = {isa = PBXBuildFile; fileRef = A37F67E0E106788FFC442AF0 /* Pods_BMICalculator.framework */; };
		EB17E4AA1B79FFBD00B22891 /* libsqlite3.0.dylib in Frameworks */ = {isa = PBXBuildFile; fileRef = EB17E4A71B79FFBD00B22891 /* libsqlite3.0.dylib */; };
		EB17E4AB1B79FFBD00B22891 /* libsqlite3.dylib in Frameworks */ = {isa = PBXBuildFile; fileRef = EB17E4A81B79FFBD00B22891 /* libsqlite3.dylib */; };
		EB17E4AC1B79FFBD00B22891 /* libz.dylib in Frameworks */ = {isa = PBXBuildFile; fileRef = EB17E4A91B79FFBD00B22891 /* libz.dylib */; };
		EB7E768E1C88FADD002E3AE1 /* Launch Screen.storyboard in Resources */ = {isa = PBXBuildFile; fileRef = EB7E768D1C88FADD002E3AE1 /* Launch Screen.storyboard */; };
		EBA465A81D33BE1900944905 /* ServiceTools.m in Sources */ = {isa = PBXBuildFile; fileRef = EBA465A71D33BE1900944905 /* ServiceTools.m */; };
		EBA465AA1D33C38F00944905 /* GoogleService-Info.plist in Resources */ = {isa = PBXBuildFile; fileRef = EBA465A91D33C38F00944905 /* GoogleService-Info.plist */; };
		EBA465AC1D33D60900944905 /* Podfile in Resources */ = {isa = PBXBuildFile; fileRef = EBA465AB1D33D60900944905 /* Podfile */; };
		F5337FF11868939B00F418B7 /* Foundation.framework in Frameworks */ = {isa = PBXBuildFile; fileRef = F5337FF01868939B00F418B7 /* Foundation.framework */; };
		F5337FF31868939B00F418B7 /* CoreGraphics.framework in Frameworks */ = {isa = PBXBuildFile; fileRef = F5337FF21868939B00F418B7 /* CoreGraphics.framework */; };
		F5337FF51868939B00F418B7 /* UIKit.framework in Frameworks */ = {isa = PBXBuildFile; fileRef = F5337FF41868939B00F418B7 /* UIKit.framework */; };
		F5337FFB1868939B00F418B7 /* InfoPlist.strings in Resources */ = {isa = PBXBuildFile; fileRef = F5337FF91868939B00F418B7 /* InfoPlist.strings */; };
		F5337FFD1868939B00F418B7 /* main.m in Sources */ = {isa = PBXBuildFile; fileRef = F5337FFC1868939B00F418B7 /* main.m */; };
		F53380011868939B00F418B7 /* comAppDelegate.m in Sources */ = {isa = PBXBuildFile; fileRef = F53380001868939B00F418B7 /* comAppDelegate.m */; };
		F53380041868939B00F418B7 /* Main_iPhone.storyboard in Resources */ = {isa = PBXBuildFile; fileRef = F53380021868939B00F418B7 /* Main_iPhone.storyboard */; };
		F533800A1868939B00F418B7 /* comViewController.m in Sources */ = {isa = PBXBuildFile; fileRef = F53380091868939B00F418B7 /* comViewController.m */; };
		F533800C1868939B00F418B7 /* Images.xcassets in Resources */ = {isa = PBXBuildFile; fileRef = F533800B1868939B00F418B7 /* Images.xcassets */; };
		F533811B1868971600F418B7 /* AVFoundation.framework in Frameworks */ = {isa = PBXBuildFile; fileRef = F533811A1868971600F418B7 /* AVFoundation.framework */; };
		F53381211868975500F418B7 /* SystemConfiguration.framework in Frameworks */ = {isa = PBXBuildFile; fileRef = F53381201868975500F418B7 /* SystemConfiguration.framework */; };
		F53381C51868C12C00F418B7 /* Entrys.m in Sources */ = {isa = PBXBuildFile; fileRef = F53381C41868C12C00F418B7 /* Entrys.m */; };
		F5D37261186C7260005E19F7 /* CoreData.framework in Frameworks */ = {isa = PBXBuildFile; fileRef = F5D37260186C7260005E19F7 /* CoreData.framework */; };
		F5D37264186C7C89005E19F7 /* comHistoryTableViewController.m in Sources */ = {isa = PBXBuildFile; fileRef = F5D37263186C7C89005E19F7 /* comHistoryTableViewController.m */; };
		F5D37267186C8175005E19F7 /* comHistoryCell.m in Sources */ = {isa = PBXBuildFile; fileRef = F5D37266186C8175005E19F7 /* comHistoryCell.m */; };
		F5D3726A186C8FF9005E19F7 /* comGraphViewController.m in Sources */ = {isa = PBXBuildFile; fileRef = F5D37269186C8FF9005E19F7 /* comGraphViewController.m */; };
		F5D37274186CBB52005E19F7 /* Localizable.strings in Resources */ = {isa = PBXBuildFile; fileRef = F5D37276186CBB52005E19F7 /* Localizable.strings */; };
/* End PBXBuildFile section */

/* Begin PBXFileReference section */
		3D8FF1FF486B68CDDD90A253 /* Pods-BMICalculator.release.xcconfig */ = {isa = PBXFileReference; includeInIndex = 1; lastKnownFileType = text.xcconfig; name = "Pods-BMICalculator.release.xcconfig"; path = "Pods/Target Support Files/Pods-BMICalculator/Pods-BMICalculator.release.xcconfig"; sourceTree = "<group>"; };
		4AAA59A54527D1EFCA5D03DA /* Pods-BMICalculator.debug.xcconfig */ = {isa = PBXFileReference; includeInIndex = 1; lastKnownFileType = text.xcconfig; name = "Pods-BMICalculator.debug.xcconfig"; path = "Pods/Target Support Files/Pods-BMICalculator/Pods-BMICalculator.debug.xcconfig"; sourceTree = "<group>"; };
		A37F67E0E106788FFC442AF0 /* Pods_BMICalculator.framework */ = {isa = PBXFileReference; explicitFileType = wrapper.framework; includeInIndex = 0; path = Pods_BMICalculator.framework; sourceTree = BUILT_PRODUCTS_DIR; };
		EB17E4A51B79FFA600B22891 /* libGoogleAdMobAds.a */ = {isa = PBXFileReference; lastKnownFileType = archive.ar; path = libGoogleAdMobAds.a; sourceTree = "<group>"; };
		EB17E4A71B79FFBD00B22891 /* libsqlite3.0.dylib */ = {isa = PBXFileReference; lastKnownFileType = "compiled.mach-o.dylib"; path = libsqlite3.0.dylib; sourceTree = "<group>"; };
		EB17E4A81B79FFBD00B22891 /* libsqlite3.dylib */ = {isa = PBXFileReference; lastKnownFileType = "compiled.mach-o.dylib"; path = libsqlite3.dylib; sourceTree = "<group>"; };
		EB17E4A91B79FFBD00B22891 /* libz.dylib */ = {isa = PBXFileReference; lastKnownFileType = "compiled.mach-o.dylib"; path = libz.dylib; sourceTree = "<group>"; };
		EB7E768D1C88FADD002E3AE1 /* Launch Screen.storyboard */ = {isa = PBXFileReference; fileEncoding = 4; lastKnownFileType = file.storyboard; path = "Launch Screen.storyboard"; sourceTree = "<group>"; };
		EBA465A61D33BE1900944905 /* ServiceTools.h */ = {isa = PBXFileReference; fileEncoding = 4; lastKnownFileType = sourcecode.c.h; path = ServiceTools.h; sourceTree = "<group>"; };
		EBA465A71D33BE1900944905 /* ServiceTools.m */ = {isa = PBXFileReference; fileEncoding = 4; lastKnownFileType = sourcecode.c.objc; path = ServiceTools.m; sourceTree = "<group>"; };
		EBA465A91D33C38F00944905 /* GoogleService-Info.plist */ = {isa = PBXFileReference; fileEncoding = 4; lastKnownFileType = text.plist.xml; path = "GoogleService-Info.plist"; sourceTree = "<group>"; };
		EBA465AB1D33D60900944905 /* Podfile */ = {isa = PBXFileReference; fileEncoding = 4; lastKnownFileType = text; path = Podfile; sourceTree = "<group>"; xcLanguageSpecificationIdentifier = xcode.lang.ruby; };
		F526C9FB1872EFE00051CE1B /* cs */ = {isa = PBXFileReference; lastKnownFileType = text.plist.strings; name = cs; path = cs.lproj/Main_iPhone.strings; sourceTree = "<group>"; };
		F526C9FD1872EFE00051CE1B /* cs */ = {isa = PBXFileReference; lastKnownFileType = text.plist.strings; name = cs; path = cs.lproj/InfoPlist.strings; sourceTree = "<group>"; };
		F526C9FE1872EFE00051CE1B /* cs */ = {isa = PBXFileReference; lastKnownFileType = text.plist.strings; name = cs; path = cs.lproj/Localizable.strings; sourceTree = "<group>"; };
		F526C9FF1872EFEA0051CE1B /* pl */ = {isa = PBXFileReference; lastKnownFileType = text.plist.strings; name = pl; path = pl.lproj/Main_iPhone.strings; sourceTree = "<group>"; };
		F526CA011872EFEA0051CE1B /* pl */ = {isa = PBXFileReference; lastKnownFileType = text.plist.strings; name = pl; path = pl.lproj/InfoPlist.strings; sourceTree = "<group>"; };
		F526CA021872EFEA0051CE1B /* pl */ = {isa = PBXFileReference; lastKnownFileType = text.plist.strings; name = pl; path = pl.lproj/Localizable.strings; sourceTree = "<group>"; };
		F526CA031872EFF40051CE1B /* es */ = {isa = PBXFileReference; lastKnownFileType = text.plist.strings; name = es; path = es.lproj/Main_iPhone.strings; sourceTree = "<group>"; };
		F526CA051872EFF40051CE1B /* es */ = {isa = PBXFileReference; lastKnownFileType = text.plist.strings; name = es; path = es.lproj/InfoPlist.strings; sourceTree = "<group>"; };
		F526CA061872EFF40051CE1B /* es */ = {isa = PBXFileReference; lastKnownFileType = text.plist.strings; name = es; path = es.lproj/Localizable.strings; sourceTree = "<group>"; };
		F526CA071872F0110051CE1B /* fr */ = {isa = PBXFileReference; lastKnownFileType = text.plist.strings; name = fr; path = fr.lproj/Main_iPhone.strings; sourceTree = "<group>"; };
		F526CA091872F0110051CE1B /* fr */ = {isa = PBXFileReference; lastKnownFileType = text.plist.strings; name = fr; path = fr.lproj/InfoPlist.strings; sourceTree = "<group>"; };
		F526CA0A1872F0110051CE1B /* fr */ = {isa = PBXFileReference; lastKnownFileType = text.plist.strings; name = fr; path = fr.lproj/Localizable.strings; sourceTree = "<group>"; };
		F526CA0B1872F0200051CE1B /* de */ = {isa = PBXFileReference; lastKnownFileType = text.plist.strings; name = de; path = de.lproj/Main_iPhone.strings; sourceTree = "<group>"; };
		F526CA0D1872F0200051CE1B /* de */ = {isa = PBXFileReference; lastKnownFileType = text.plist.strings; name = de; path = de.lproj/InfoPlist.strings; sourceTree = "<group>"; };
		F526CA0E1872F0200051CE1B /* de */ = {isa = PBXFileReference; lastKnownFileType = text.plist.strings; name = de; path = de.lproj/Localizable.strings; sourceTree = "<group>"; };
		F526CA0F1872F02B0051CE1B /* sk */ = {isa = PBXFileReference; lastKnownFileType = text.plist.strings; name = sk; path = sk.lproj/Main_iPhone.strings; sourceTree = "<group>"; };
		F526CA111872F02B0051CE1B /* sk */ = {isa = PBXFileReference; lastKnownFileType = text.plist.strings; name = sk; path = sk.lproj/InfoPlist.strings; sourceTree = "<group>"; };
		F526CA121872F02B0051CE1B /* sk */ = {isa = PBXFileReference; lastKnownFileType = text.plist.strings; name = sk; path = sk.lproj/Localizable.strings; sourceTree = "<group>"; };
		F5337FED1868939B00F418B7 /* BMICalculator.app */ = {isa = PBXFileReference; explicitFileType = wrapper.application; includeInIndex = 0; path = BMICalculator.app; sourceTree = BUILT_PRODUCTS_DIR; };
		F5337FF01868939B00F418B7 /* Foundation.framework */ = {isa = PBXFileReference; lastKnownFileType = wrapper.framework; name = Foundation.framework; path = System/Library/Frameworks/Foundation.framework; sourceTree = SDKROOT; };
		F5337FF21868939B00F418B7 /* CoreGraphics.framework */ = {isa = PBXFileReference; lastKnownFileType = wrapper.framework; name = CoreGraphics.framework; path = System/Library/Frameworks/CoreGraphics.framework; sourceTree = SDKROOT; };
		F5337FF41868939B00F418B7 /* UIKit.framework */ = {isa = PBXFileReference; lastKnownFileType = wrapper.framework; name = UIKit.framework; path = System/Library/Frameworks/UIKit.framework; sourceTree = SDKROOT; };
		F5337FF81868939B00F418B7 /* BMICalculator-Info.plist */ = {isa = PBXFileReference; lastKnownFileType = text.plist.xml; path = "BMICalculator-Info.plist"; sourceTree = "<group>"; };
		F5337FFA1868939B00F418B7 /* en */ = {isa = PBXFileReference; lastKnownFileType = text.plist.strings; name = en; path = en.lproj/InfoPlist.strings; sourceTree = "<group>"; };
		F5337FFC1868939B00F418B7 /* main.m */ = {isa = PBXFileReference; lastKnownFileType = sourcecode.c.objc; path = main.m; sourceTree = "<group>"; };
		F5337FFE1868939B00F418B7 /* BMICalculator-Prefix.pch */ = {isa = PBXFileReference; lastKnownFileType = sourcecode.c.h; path = "BMICalculator-Prefix.pch"; sourceTree = "<group>"; };
		F5337FFF1868939B00F418B7 /* comAppDelegate.h */ = {isa = PBXFileReference; lastKnownFileType = sourcecode.c.h; path = comAppDelegate.h; sourceTree = "<group>"; };
		F53380001868939B00F418B7 /* comAppDelegate.m */ = {isa = PBXFileReference; lastKnownFileType = sourcecode.c.objc; path = comAppDelegate.m; sourceTree = "<group>"; };
		F53380031868939B00F418B7 /* Base */ = {isa = PBXFileReference; lastKnownFileType = file.storyboard; name = Base; path = Base.lproj/Main_iPhone.storyboard; sourceTree = "<group>"; };
		F53380081868939B00F418B7 /* comViewController.h */ = {isa = PBXFileReference; lastKnownFileType = sourcecode.c.h; path = comViewController.h; sourceTree = "<group>"; };
		F53380091868939B00F418B7 /* comViewController.m */ = {isa = PBXFileReference; lastKnownFileType = sourcecode.c.objc; path = comViewController.m; sourceTree = "<group>"; };
		F533800B1868939B00F418B7 /* Images.xcassets */ = {isa = PBXFileReference; lastKnownFileType = folder.assetcatalog; name = Images.xcassets; path = "BMI Calculator/Images.xcassets"; sourceTree = "<group>"; };
		F533811A1868971600F418B7 /* AVFoundation.framework */ = {isa = PBXFileReference; lastKnownFileType = wrapper.framework; name = AVFoundation.framework; path = System/Library/Frameworks/AVFoundation.framework; sourceTree = SDKROOT; };
		F53381201868975500F418B7 /* SystemConfiguration.framework */ = {isa = PBXFileReference; lastKnownFileType = wrapper.framework; name = SystemConfiguration.framework; path = System/Library/Frameworks/SystemConfiguration.framework; sourceTree = SDKROOT; };
		F53381C31868C12C00F418B7 /* Entrys.h */ = {isa = PBXFileReference; fileEncoding = 4; lastKnownFileType = sourcecode.c.h; path = Entrys.h; sourceTree = "<group>"; };
		F53381C41868C12C00F418B7 /* Entrys.m */ = {isa = PBXFileReference; fileEncoding = 4; lastKnownFileType = sourcecode.c.objc; path = Entrys.m; sourceTree = "<group>"; };
		F5D37260186C7260005E19F7 /* CoreData.framework */ = {isa = PBXFileReference; lastKnownFileType = wrapper.framework; name = CoreData.framework; path = System/Library/Frameworks/CoreData.framework; sourceTree = SDKROOT; };
		F5D37262186C7C89005E19F7 /* comHistoryTableViewController.h */ = {isa = PBXFileReference; fileEncoding = 4; lastKnownFileType = sourcecode.c.h; path = comHistoryTableViewController.h; sourceTree = "<group>"; };
		F5D37263186C7C89005E19F7 /* comHistoryTableViewController.m */ = {isa = PBXFileReference; fileEncoding = 4; lastKnownFileType = sourcecode.c.objc; path = comHistoryTableViewController.m; sourceTree = "<group>"; };
		F5D37265186C8175005E19F7 /* comHistoryCell.h */ = {isa = PBXFileReference; fileEncoding = 4; lastKnownFileType = sourcecode.c.h; path = comHistoryCell.h; sourceTree = "<group>"; };
		F5D37266186C8175005E19F7 /* comHistoryCell.m */ = {isa = PBXFileReference; fileEncoding = 4; lastKnownFileType = sourcecode.c.objc; path = comHistoryCell.m; sourceTree = "<group>"; };
		F5D37268186C8FF9005E19F7 /* comGraphViewController.h */ = {isa = PBXFileReference; fileEncoding = 4; lastKnownFileType = sourcecode.c.h; path = comGraphViewController.h; sourceTree = "<group>"; };
		F5D37269186C8FF9005E19F7 /* comGraphViewController.m */ = {isa = PBXFileReference; fileEncoding = 4; lastKnownFileType = sourcecode.c.objc; path = comGraphViewController.m; sourceTree = "<group>"; };
		F5D37271186CBB3F005E19F7 /* en */ = {isa = PBXFileReference; lastKnownFileType = text.plist.strings; name = en; path = en.lproj/Main_iPhone.strings; sourceTree = "<group>"; };
		F5D37278186CBC64005E19F7 /* Base */ = {isa = PBXFileReference; lastKnownFileType = text.plist.strings; name = Base; path = Base.lproj/Localizable.strings; sourceTree = "<group>"; };
		F5D37279186CBD29005E19F7 /* en */ = {isa = PBXFileReference; lastKnownFileType = text.plist.strings; name = en; path = en.lproj/Localizable.strings; sourceTree = "<group>"; };
/* End PBXFileReference section */

/* Begin PBXFrameworksBuildPhase section */
		F5337FEA1868939B00F418B7 /* Frameworks */ = {
			isa = PBXFrameworksBuildPhase;
			buildActionMask = 2147483647;
			files = (
				F5D37261186C7260005E19F7 /* CoreData.framework in Frameworks */,
				EB17E4AA1B79FFBD00B22891 /* libsqlite3.0.dylib in Frameworks */,
				F53381211868975500F418B7 /* SystemConfiguration.framework in Frameworks */,
				EB17E4AB1B79FFBD00B22891 /* libsqlite3.dylib in Frameworks */,
				F5337FF31868939B00F418B7 /* CoreGraphics.framework in Frameworks */,
				F533811B1868971600F418B7 /* AVFoundation.framework in Frameworks */,
				EB17E4AC1B79FFBD00B22891 /* libz.dylib in Frameworks */,
				F5337FF51868939B00F418B7 /* UIKit.framework in Frameworks */,
				F5337FF11868939B00F418B7 /* Foundation.framework in Frameworks */,
				4AAD68AF9EBC8AEA011E3541 /* Pods_BMICalculator.framework in Frameworks */,
			);
			runOnlyForDeploymentPostprocessing = 0;
		};
/* End PBXFrameworksBuildPhase section */

/* Begin PBXGroup section */
		91D1DECB77D3AC952CAC8E08 /* Pods */ = {
			isa = PBXGroup;
			children = (
				4AAA59A54527D1EFCA5D03DA /* Pods-BMICalculator.debug.xcconfig */,
				3D8FF1FF486B68CDDD90A253 /* Pods-BMICalculator.release.xcconfig */,
			);
			name = Pods;
			sourceTree = "<group>";
		};
		F5337FE41868939B00F418B7 = {
			isa = PBXGroup;
			children = (
				EBA465AB1D33D60900944905 /* Podfile */,
				EBA465A91D33C38F00944905 /* GoogleService-Info.plist */,
				EB7E768D1C88FADD002E3AE1 /* Launch Screen.storyboard */,
				F53380021868939B00F418B7 /* Main_iPhone.storyboard */,
				F533800B1868939B00F418B7 /* Images.xcassets */,
				F53381C91868C14800F418B7 /* data */,
				F5337FF61868939B00F418B7 /* BMI Calculator */,
				F5337FEF1868939B00F418B7 /* Frameworks */,
				F5337FEE1868939B00F418B7 /* Products */,
				91D1DECB77D3AC952CAC8E08 /* Pods */,
			);
			sourceTree = "<group>";
		};
		F5337FEE1868939B00F418B7 /* Products */ = {
			isa = PBXGroup;
			children = (
				F5337FED1868939B00F418B7 /* BMICalculator.app */,
			);
			name = Products;
			sourceTree = "<group>";
		};
		F5337FEF1868939B00F418B7 /* Frameworks */ = {
			isa = PBXGroup;
			children = (
				EB17E4A71B79FFBD00B22891 /* libsqlite3.0.dylib */,
				EB17E4A81B79FFBD00B22891 /* libsqlite3.dylib */,
				EB17E4A91B79FFBD00B22891 /* libz.dylib */,
				EB17E4A51B79FFA600B22891 /* libGoogleAdMobAds.a */,
				F5D37260186C7260005E19F7 /* CoreData.framework */,
				F53381201868975500F418B7 /* SystemConfiguration.framework */,
				F533811A1868971600F418B7 /* AVFoundation.framework */,
				F5337FF01868939B00F418B7 /* Foundation.framework */,
				F5337FF21868939B00F418B7 /* CoreGraphics.framework */,
				F5337FF41868939B00F418B7 /* UIKit.framework */,
				A37F67E0E106788FFC442AF0 /* Pods_BMICalculator.framework */,
			);
			name = Frameworks;
			sourceTree = "<group>";
		};
		F5337FF61868939B00F418B7 /* BMI Calculator */ = {
			isa = PBXGroup;
			children = (
				EBA465A61D33BE1900944905 /* ServiceTools.h */,
				EBA465A71D33BE1900944905 /* ServiceTools.m */,
				F5D37262186C7C89005E19F7 /* comHistoryTableViewController.h */,
				F5D37263186C7C89005E19F7 /* comHistoryTableViewController.m */,
				F5D37265186C8175005E19F7 /* comHistoryCell.h */,
				F5D37266186C8175005E19F7 /* comHistoryCell.m */,
				F5D37268186C8FF9005E19F7 /* comGraphViewController.h */,
				F5D37269186C8FF9005E19F7 /* comGraphViewController.m */,
				F5337FFF1868939B00F418B7 /* comAppDelegate.h */,
				F53380001868939B00F418B7 /* comAppDelegate.m */,
				F53380081868939B00F418B7 /* comViewController.h */,
				F53380091868939B00F418B7 /* comViewController.m */,
				F5337FF71868939B00F418B7 /* Supporting Files */,
			);
			path = "BMI Calculator";
			sourceTree = "<group>";
		};
		F5337FF71868939B00F418B7 /* Supporting Files */ = {
			isa = PBXGroup;
			children = (
				F5337FF81868939B00F418B7 /* BMICalculator-Info.plist */,
				F5337FF91868939B00F418B7 /* InfoPlist.strings */,
				F5337FFC1868939B00F418B7 /* main.m */,
				F5337FFE1868939B00F418B7 /* BMICalculator-Prefix.pch */,
				F5D37276186CBB52005E19F7 /* Localizable.strings */,
			);
			name = "Supporting Files";
			sourceTree = "<group>";
		};
		F53381C91868C14800F418B7 /* data */ = {
			isa = PBXGroup;
			children = (
				F53381C31868C12C00F418B7 /* Entrys.h */,
				F53381C41868C12C00F418B7 /* Entrys.m */,
			);
			name = data;
			sourceTree = "<group>";
		};
/* End PBXGroup section */

/* Begin PBXNativeTarget section */
		F5337FEC1868939B00F418B7 /* BMICalculator */ = {
			isa = PBXNativeTarget;
			buildConfigurationList = F53380221868939C00F418B7 /* Build configuration list for PBXNativeTarget "BMICalculator" */;
			buildPhases = (
				1E2A159686B7BF6BA45F465A /* [CP] Check Pods Manifest.lock */,
				F5337FE91868939B00F418B7 /* Sources */,
				F5337FEA1868939B00F418B7 /* Frameworks */,
				F5337FEB1868939B00F418B7 /* Resources */,
				14A0DA7B439828F20153976E /* [CP] Embed Pods Frameworks */,
				8E05037ECDC05D2E3522A70A /* [CP] Copy Pods Resources */,
			);
			buildRules = (
			);
			dependencies = (
			);
			name = BMICalculator;
			productName = "BMI Calculator";
			productReference = F5337FED1868939B00F418B7 /* BMICalculator.app */;
			productType = "com.apple.product-type.application";
		};
/* End PBXNativeTarget section */

/* Begin PBXProject section */
		F5337FE51868939B00F418B7 /* Project object */ = {
			isa = PBXProject;
			attributes = {
				CLASSPREFIX = com;
				LastUpgradeCheck = 0730;
				ORGANIZATIONNAME = "Jan Damek";
				TargetAttributes = {
					F5337FEC1868939B00F418B7 = {
						DevelopmentTeam = GR74KSG8M9;
						SystemCapabilities = {
							com.apple.InAppPurchase = {
								enabled = 0;
							};
						};
					};
				};
			};
			buildConfigurationList = F5337FE81868939B00F418B7 /* Build configuration list for PBXProject "BMICalculator" */;
			compatibilityVersion = "Xcode 3.2";
			developmentRegion = English;
			hasScannedForEncodings = 0;
			knownRegions = (
				en,
				Base,
				cs,
				pl,
				es,
				fr,
				de,
				sk,
			);
			mainGroup = F5337FE41868939B00F418B7;
			productRefGroup = F5337FEE1868939B00F418B7 /* Products */;
			projectDirPath = "";
			projectRoot = "";
			targets = (
				F5337FEC1868939B00F418B7 /* BMICalculator */,
			);
		};
/* End PBXProject section */

/* Begin PBXResourcesBuildPhase section */
		F5337FEB1868939B00F418B7 /* Resources */ = {
			isa = PBXResourcesBuildPhase;
			buildActionMask = 2147483647;
			files = (
				F533800C1868939B00F418B7 /* Images.xcassets in Resources */,
				F53380041868939B00F418B7 /* Main_iPhone.storyboard in Resources */,
				F5D37274186CBB52005E19F7 /* Localizable.strings in Resources */,
				EB7E768E1C88FADD002E3AE1 /* Launch Screen.storyboard in Resources */,
				F5337FFB1868939B00F418B7 /* InfoPlist.strings in Resources */,
				EBA465AC1D33D60900944905 /* Podfile in Resources */,
				EBA465AA1D33C38F00944905 /* GoogleService-Info.plist in Resources */,
			);
			runOnlyForDeploymentPostprocessing = 0;
		};
/* End PBXResourcesBuildPhase section */

/* Begin PBXShellScriptBuildPhase section */
		14A0DA7B439828F20153976E /* [CP] Embed Pods Frameworks */ = {
			isa = PBXShellScriptBuildPhase;
			buildActionMask = 2147483647;
			files = (
			);
			inputPaths = (
			);
			name = "[CP] Embed Pods Frameworks";
			outputPaths = (
			);
			runOnlyForDeploymentPostprocessing = 0;
			shellPath = /bin/sh;
			shellScript = "\"${SRCROOT}/Pods/Target Support Files/Pods-BMICalculator/Pods-BMICalculator-frameworks.sh\"\n";
			showEnvVarsInLog = 0;
		};
		1E2A159686B7BF6BA45F465A /* [CP] Check Pods Manifest.lock */ = {
			isa = PBXShellScriptBuildPhase;
			buildActionMask = 2147483647;
			files = (
			);
			inputPaths = (
			);
			name = "[CP] Check Pods Manifest.lock";
			outputPaths = (
			);
			runOnlyForDeploymentPostprocessing = 0;
			shellPath = /bin/sh;
			shellScript = "diff \"${PODS_ROOT}/../Podfile.lock\" \"${PODS_ROOT}/Manifest.lock\" > /dev/null\nif [[ $? != 0 ]] ; then\n    cat << EOM\nerror: The sandbox is not in sync with the Podfile.lock. Run 'pod install' or update your CocoaPods installation.\nEOM\n    exit 1\nfi\n";
			showEnvVarsInLog = 0;
		};
		8E05037ECDC05D2E3522A70A /* [CP] Copy Pods Resources */ = {
			isa = PBXShellScriptBuildPhase;
			buildActionMask = 2147483647;
			files = (
			);
			inputPaths = (
			);
			name = "[CP] Copy Pods Resources";
			outputPaths = (
			);
			runOnlyForDeploymentPostprocessing = 0;
			shellPath = /bin/sh;
			shellScript = "\"${SRCROOT}/Pods/Target Support Files/Pods-BMICalculator/Pods-BMICalculator-resources.sh\"\n";
			showEnvVarsInLog = 0;
		};
/* End PBXShellScriptBuildPhase section */

/* Begin PBXSourcesBuildPhase section */
		F5337FE91868939B00F418B7 /* Sources */ = {
			isa = PBXSourcesBuildPhase;
			buildActionMask = 2147483647;
			files = (
				F5D37264186C7C89005E19F7 /* comHistoryTableViewController.m in Sources */,
				F53381C51868C12C00F418B7 /* Entrys.m in Sources */,
				F533800A1868939B00F418B7 /* comViewController.m in Sources */,
				F53380011868939B00F418B7 /* comAppDelegate.m in Sources */,
				F5D37267186C8175005E19F7 /* comHistoryCell.m in Sources */,
				F5337FFD1868939B00F418B7 /* main.m in Sources */,
				EBA465A81D33BE1900944905 /* ServiceTools.m in Sources */,
				F5D3726A186C8FF9005E19F7 /* comGraphViewController.m in Sources */,
			);
			runOnlyForDeploymentPostprocessing = 0;
		};
/* End PBXSourcesBuildPhase section */

/* Begin PBXVariantGroup section */
		F5337FF91868939B00F418B7 /* InfoPlist.strings */ = {
			isa = PBXVariantGroup;
			children = (
				F5337FFA1868939B00F418B7 /* en */,
				F526C9FD1872EFE00051CE1B /* cs */,
				F526CA011872EFEA0051CE1B /* pl */,
				F526CA051872EFF40051CE1B /* es */,
				F526CA091872F0110051CE1B /* fr */,
				F526CA0D1872F0200051CE1B /* de */,
				F526CA111872F02B0051CE1B /* sk */,
			);
			name = InfoPlist.strings;
			sourceTree = "<group>";
		};
		F53380021868939B00F418B7 /* Main_iPhone.storyboard */ = {
			isa = PBXVariantGroup;
			children = (
				F53380031868939B00F418B7 /* Base */,
				F5D37271186CBB3F005E19F7 /* en */,
				F526C9FB1872EFE00051CE1B /* cs */,
				F526C9FF1872EFEA0051CE1B /* pl */,
				F526CA031872EFF40051CE1B /* es */,
				F526CA071872F0110051CE1B /* fr */,
				F526CA0B1872F0200051CE1B /* de */,
				F526CA0F1872F02B0051CE1B /* sk */,
			);
			name = Main_iPhone.storyboard;
			path = "BMI Calculator";
			sourceTree = "<group>";
		};
		F5D37276186CBB52005E19F7 /* Localizable.strings */ = {
			isa = PBXVariantGroup;
			children = (
				F5D37278186CBC64005E19F7 /* Base */,
				F5D37279186CBD29005E19F7 /* en */,
				F526C9FE1872EFE00051CE1B /* cs */,
				F526CA021872EFEA0051CE1B /* pl */,
				F526CA061872EFF40051CE1B /* es */,
				F526CA0A1872F0110051CE1B /* fr */,
				F526CA0E1872F0200051CE1B /* de */,
				F526CA121872F02B0051CE1B /* sk */,
			);
			name = Localizable.strings;
			sourceTree = "<group>";
		};
/* End PBXVariantGroup section */

/* Begin XCBuildConfiguration section */
		F53380201868939C00F418B7 /* Debug */ = {
			isa = XCBuildConfiguration;
			buildSettings = {
				ALWAYS_SEARCH_USER_PATHS = NO;
				CLANG_CXX_LANGUAGE_STANDARD = "gnu++0x";
				CLANG_CXX_LIBRARY = "libc++";
				CLANG_ENABLE_MODULES = YES;
				CLANG_ENABLE_OBJC_ARC = YES;
				CLANG_WARN_BOOL_CONVERSION = YES;
				CLANG_WARN_CONSTANT_CONVERSION = YES;
				CLANG_WARN_DIRECT_OBJC_ISA_USAGE = YES_ERROR;
				CLANG_WARN_EMPTY_BODY = YES;
				CLANG_WARN_ENUM_CONVERSION = YES;
				CLANG_WARN_INT_CONVERSION = YES;
				CLANG_WARN_OBJC_ROOT_CLASS = YES_ERROR;
				CLANG_WARN__DUPLICATE_METHOD_MATCH = YES;
				"CODE_SIGN_IDENTITY[sdk=iphoneos*]" = "iPhone Developer";
				COPY_PHASE_STRIP = NO;
				ENABLE_TESTABILITY = YES;
				GCC_C_LANGUAGE_STANDARD = gnu99;
				GCC_DYNAMIC_NO_PIC = NO;
				GCC_OPTIMIZATION_LEVEL = 0;
				GCC_PREPROCESSOR_DEFINITIONS = (
					"DEBUG=1",
					"$(inherited)",
				);
				GCC_SYMBOLS_PRIVATE_EXTERN = NO;
				GCC_WARN_64_TO_32_BIT_CONVERSION = YES;
				GCC_WARN_ABOUT_RETURN_TYPE = YES_ERROR;
				GCC_WARN_UNDECLARED_SELECTOR = YES;
				GCC_WARN_UNINITIALIZED_AUTOS = YES;
				GCC_WARN_UNUSED_FUNCTION = YES;
				GCC_WARN_UNUSED_VARIABLE = YES;
				IPHONEOS_DEPLOYMENT_TARGET = 8.0;
				ONLY_ACTIVE_ARCH = YES;
				SDKROOT = iphoneos;
				TARGETED_DEVICE_FAMILY = "1,2";
				VALID_ARCHS = "armv7 armv7s";
			};
			name = Debug;
		};
		F53380211868939C00F418B7 /* Release */ = {
			isa = XCBuildConfiguration;
			buildSettings = {
				ALWAYS_SEARCH_USER_PATHS = NO;
				CLANG_CXX_LANGUAGE_STANDARD = "gnu++0x";
				CLANG_CXX_LIBRARY = "libc++";
				CLANG_ENABLE_MODULES = YES;
				CLANG_ENABLE_OBJC_ARC = YES;
				CLANG_WARN_BOOL_CONVERSION = YES;
				CLANG_WARN_CONSTANT_CONVERSION = YES;
				CLANG_WARN_DIRECT_OBJC_ISA_USAGE = YES_ERROR;
				CLANG_WARN_EMPTY_BODY = YES;
				CLANG_WARN_ENUM_CONVERSION = YES;
				CLANG_WARN_INT_CONVERSION = YES;
				CLANG_WARN_OBJC_ROOT_CLASS = YES_ERROR;
				CLANG_WARN__DUPLICATE_METHOD_MATCH = YES;
				"CODE_SIGN_IDENTITY[sdk=iphoneos*]" = "iPhone Developer";
				COPY_PHASE_STRIP = YES;
				ENABLE_NS_ASSERTIONS = NO;
				GCC_C_LANGUAGE_STANDARD = gnu99;
				GCC_WARN_64_TO_32_BIT_CONVERSION = YES;
				GCC_WARN_ABOUT_RETURN_TYPE = YES_ERROR;
				GCC_WARN_UNDECLARED_SELECTOR = YES;
				GCC_WARN_UNINITIALIZED_AUTOS = YES;
				GCC_WARN_UNUSED_FUNCTION = YES;
				GCC_WARN_UNUSED_VARIABLE = YES;
				IPHONEOS_DEPLOYMENT_TARGET = 8.0;
				SDKROOT = iphoneos;
				TARGETED_DEVICE_FAMILY = "1,2";
				VALIDATE_PRODUCT = YES;
				VALID_ARCHS = "armv7 armv7s";
			};
			name = Release;
		};
		F53380231868939C00F418B7 /* Debug */ = {
			isa = XCBuildConfiguration;
			baseConfigurationReference = 4AAA59A54527D1EFCA5D03DA /* Pods-BMICalculator.debug.xcconfig */;
			buildSettings = {
				ASSETCATALOG_COMPILER_APPICON_NAME = AppIcon;
				ASSETCATALOG_COMPILER_LAUNCHIMAGE_NAME = LaunchImage;
				CODE_SIGN_IDENTITY = "iPhone Developer";
				"CODE_SIGN_IDENTITY[sdk=iphoneos*]" = "iPhone Developer";
				GCC_PRECOMPILE_PREFIX_HEADER = YES;
				GCC_PREFIX_HEADER = "BMI Calculator/BMICalculator-Prefix.pch";
				INFOPLIST_FILE = "BMI Calculator/BMICalculator-Info.plist";
				LIBRARY_SEARCH_PATHS = (
					"$(inherited)",
					/Users/jandamek/Desktop/BMI,
					Calculator/BMI,
					Calculator,
					"$(PROJECT_DIR)",
				);
				OTHER_LDFLAGS = "${inherited}";
				PRODUCT_BUNDLE_IDENTIFIER = "jandamek.BMI-Calculator";
				PRODUCT_NAME = BMICalculator;
				PROVISIONING_PROFILE = "";
				SUPPORTED_PLATFORMS = "iphonesimulator iphoneos";
				TARGETED_DEVICE_FAMILY = "1,2";
				VALID_ARCHS = "armv7 armv7s arm64";
				WRAPPER_EXTENSION = app;
			};
			name = Debug;
		};
		F53380241868939C00F418B7 /* Release */ = {
			isa = XCBuildConfiguration;
			baseConfigurationReference = 3D8FF1FF486B68CDDD90A253 /* Pods-BMICalculator.release.xcconfig */;
			buildSettings = {
				ASSETCATALOG_COMPILER_APPICON_NAME = AppIcon;
				ASSETCATALOG_COMPILER_LAUNCHIMAGE_NAME = LaunchImage;
				CODE_SIGN_IDENTITY = "iPhone Developer";
				"CODE_SIGN_IDENTITY[sdk=iphoneos*]" = "iPhone Developer";
				GCC_PRECOMPILE_PREFIX_HEADER = YES;
				GCC_PREFIX_HEADER = "BMI Calculator/BMICalculator-Prefix.pch";
				INFOPLIST_FILE = "BMI Calculator/BMICalculator-Info.plist";
				LIBRARY_SEARCH_PATHS = (
					"$(inherited)",
					/Users/jandamek/Desktop/BMI,
					Calculator/BMI,
					Calculator,
					"$(PROJECT_DIR)",
				);
				OTHER_LDFLAGS = "${inherited}";
				PRODUCT_BUNDLE_IDENTIFIER = "jandamek.BMI-Calculator";
				PRODUCT_NAME = BMICalculator;
				PROVISIONING_PROFILE = "128f4dcc-8738-4300-b615-c3fa05a95c6c";
				SUPPORTED_PLATFORMS = "iphonesimulator iphoneos";
				TARGETED_DEVICE_FAMILY = "1,2";
				VALID_ARCHS = "armv7 armv7s arm64";
				WRAPPER_EXTENSION = app;
			};
			name = Release;
		};
/* End XCBuildConfiguration section */

/* Begin XCConfigurationList section */
		F5337FE81868939B00F418B7 /* Build configuration list for PBXProject "BMICalculator" */ = {
			isa = XCConfigurationList;
			buildConfigurations = (
				F53380201868939C00F418B7 /* Debug */,
				F53380211868939C00F418B7 /* Release */,
			);
			defaultConfigurationIsVisible = 0;
			defaultConfigurationName = Debug;
		};
		F53380221868939C00F418B7 /* Build configuration list for PBXNativeTarget "BMICalculator" */ = {
			isa = XCConfigurationList;
			buildConfigurations = (
				F53380231868939C00F418B7 /* Debug */,
				F53380241868939C00F418B7 /* Release */,
			);
			defaultConfigurationIsVisible = 0;
			defaultConfigurationName = Debug;
		};
/* End XCConfigurationList section */
	};
	rootObject = F5337FE51868939B00F418B7 /* Project object */;
}
